
Microsoft Visual Studio Solution File, Format Version 12.00
# Visual Studio Version 17
VisualStudioVersion = 17.14.37012.4 d17.14
MinimumVisualStudioVersion = 10.0.40219.1
Project("{FAE04EC0-301F-11D3-BF4B-00C04F79EFBC}") = "ConsoleApp1", "ConsoleApp1\ConsoleApp1.csproj", "{7954DB4D-D8BF-4559-8F29-A9F98DBB9A01}"
EndProject
Global
	GlobalSection(SolutionConfigurationPlatforms) = preSolution
		Debug|Any CPU = Debug|Any CPU
		Release|Any CPU = Release|Any CPU
	EndGlobalSection
	GlobalSection(ProjectConfigurationPlatforms) = postSolution
		{7954DB4D-D8BF-4559-8F29-A9F98DBB9A01}.Debug|Any CPU.ActiveCfg = Debug|Any CPU
		{7954DB4D-D8BF-4559-8F29-A9F98DBB9A01}.Debug|Any CPU.Build.0 = Debug|Any CPU
		{7954DB4D-D8BF-4559-8F29-A9F98DBB9A01}.Release|Any CPU.ActiveCfg = Release|Any CPU
		{7954DB4D-D8BF-4559-8F29-A9F98DBB9A01}.Release|Any CPU.Build.0 = Release|Any CPU
	EndGlobalSection
	GlobalSection(SolutionProperties) = preSolution
		HideSolutionNode = FALSE
	EndGlobalSection
	GlobalSection(ExtensibilityGlobals) = postSolution
		SolutionGuid = {6BA484F4-5D40-4220-AA09-00B014CD6C24}
	EndGlobalSection
EndGlobal
