
Microsoft Visual Studio Solution File, Format Version 12.00
# Visual Studio Version 17
VisualStudioVersion = 17.14.36915.13 d17.14
MinimumVisualStudioVersion = 10.0.40219.1
Project("{FAE04EC0-301F-11D3-BF4B-00C04F79EFBC}") = "ConsoleApp1", "ConsoleApp1\ConsoleApp1.csproj", "{646B6D96-6285-49C3-BC36-2D5253E74A4A}"
EndProject
Global
	GlobalSection(SolutionConfigurationPlatforms) = preSolution
		Debug|Any CPU = Debug|Any CPU
		Release|Any CPU = Release|Any CPU
	EndGlobalSection
	GlobalSection(ProjectConfigurationPlatforms) = postSolution
		{646B6D96-6285-49C3-BC36-2D5253E74A4A}.Debug|Any CPU.ActiveCfg = Debug|Any CPU
		{646B6D96-6285-49C3-BC36-2D5253E74A4A}.Debug|Any CPU.Build.0 = Debug|Any CPU
		{646B6D96-6285-49C3-BC36-2D5253E74A4A}.Release|Any CPU.ActiveCfg = Release|Any CPU
		{646B6D96-6285-49C3-BC36-2D5253E74A4A}.Release|Any CPU.Build.0 = Release|Any CPU
	EndGlobalSection
	GlobalSection(SolutionProperties) = preSolution
		HideSolutionNode = FALSE
	EndGlobalSection
	GlobalSection(ExtensibilityGlobals) = postSolution
		SolutionGuid = {4A75856D-C65D-4266-BC3D-FF979831F0C0}
	EndGlobalSection
EndGlobal
