
Microsoft Visual Studio Solution File, Format Version 12.00
# Visual Studio Version 17
VisualStudioVersion = 17.14.36915.13
MinimumVisualStudioVersion = 10.0.40219.1
Project("{FAE04EC0-301F-11D3-BF4B-00C04F79EFBC}") = "Route_Csharp_Assignment2", "Route_Csharp_Assignment2\Route_Csharp_Assignment2.csproj", "{A2D6D40E-35DB-DBDB-03EC-233C2769AA08}"
EndProject
Global
	GlobalSection(SolutionConfigurationPlatforms) = preSolution
		Debug|Any CPU = Debug|Any CPU
		Release|Any CPU = Release|Any CPU
	EndGlobalSection
	GlobalSection(ProjectConfigurationPlatforms) = postSolution
		{A2D6D40E-35DB-DBDB-03EC-233C2769AA08}.Debug|Any CPU.ActiveCfg = Debug|Any CPU
		{A2D6D40E-35DB-DBDB-03EC-233C2769AA08}.Debug|Any CPU.Build.0 = Debug|Any CPU
		{A2D6D40E-35DB-DBDB-03EC-233C2769AA08}.Release|Any CPU.ActiveCfg = Release|Any CPU
		{A2D6D40E-35DB-DBDB-03EC-233C2769AA08}.Release|Any CPU.Build.0 = Release|Any CPU
	EndGlobalSection
	GlobalSection(SolutionProperties) = preSolution
		HideSolutionNode = FALSE
	EndGlobalSection
	GlobalSection(ExtensibilityGlobals) = postSolution
		SolutionGuid = {98500B57-39E7-4B9E-A0B1-87121285D9A7}
	EndGlobalSection
EndGlobal
