
Microsoft Visual Studio Solution File, Format Version 12.00
# Visual Studio Version 17
VisualStudioVersion = 17.14.37012.4 d17.14
MinimumVisualStudioVersion = 10.0.40219.1
Project("{FAE04EC0-301F-11D3-BF4B-00C04F79EFBC}") = "ConsoleApp1", "ConsoleApp1\ConsoleApp1.csproj", "{EFADE3F5-3B87-45CC-B72A-0888C595D1FA}"
EndProject
Global
	GlobalSection(SolutionConfigurationPlatforms) = preSolution
		Debug|Any CPU = Debug|Any CPU
		Release|Any CPU = Release|Any CPU
	EndGlobalSection
	GlobalSection(ProjectConfigurationPlatforms) = postSolution
		{EFADE3F5-3B87-45CC-B72A-0888C595D1FA}.Debug|Any CPU.ActiveCfg = Debug|Any CPU
		{EFADE3F5-3B87-45CC-B72A-0888C595D1FA}.Debug|Any CPU.Build.0 = Debug|Any CPU
		{EFADE3F5-3B87-45CC-B72A-0888C595D1FA}.Release|Any CPU.ActiveCfg = Release|Any CPU
		{EFADE3F5-3B87-45CC-B72A-0888C595D1FA}.Release|Any CPU.Build.0 = Release|Any CPU
	EndGlobalSection
	GlobalSection(SolutionProperties) = preSolution
		HideSolutionNode = FALSE
	EndGlobalSection
	GlobalSection(ExtensibilityGlobals) = postSolution
		SolutionGuid = {83804178-DF2C-4B2B-8215-95FF39E44865}
	EndGlobalSection
EndGlobal
